# THIS IS AN AUTOGENERATED FILE. DO NOT EDIT THIS FILE DIRECTLY.
# yarn lockfile v1


"@types/node@*", "@types/node@^17.0.5":
  version "17.0.23"
  resolved "https://registry.yarnpkg.com/@types/node/-/node-17.0.23.tgz#3b41a6e643589ac6442bdbd7a4a3ded62f33f7da"
  integrity sha512-UxDxWn7dl97rKVeVS61vErvw086aCYhDLyvRQZ5Rk65rZKepaFdm53GeqXaKBuOhED4e9uWq34IC3TdSdJJ2Gw==

"@types/sax@^1.2.1":
  version "1.2.4"
  resolved "https://registry.yarnpkg.com/@types/sax/-/sax-1.2.4.tgz#8221affa7f4f3cb21abd22f244cfabfa63e6a69e"
  integrity sha512-pSAff4IAxJjfAXUG6tFkO7dsSbTmf8CtUpfhhZ5VhkRpC4628tJhh3+V6H1E+/Gs9piSzYKT5yzHO5M4GG9jkw==
  dependencies:
    "@types/node" "*"

arg@^5.0.0:
  version "5.0.1"
  resolved "https://registry.yarnpkg.com/arg/-/arg-5.0.1.tgz#eb0c9a8f77786cad2af8ff2b862899842d7b6adb"
  integrity sha512-e0hDa9H2Z9AwFkk2qDlwhoMYE4eToKarchkQHovNdLTCYMHZHeRjI71crOh+dio4K6u1IcwubQqo79Ga4CyAQA==

sax@^1.2.4:
  version "1.2.4"
  resolved "https://registry.yarnpkg.com/sax/-/sax-1.2.4.tgz#2816234e2378bddc4e5354fab5caa895df7100d9"
  integrity sha512-NqVDv9TpANUjFm0N8uM5GxL36UgKi9/atZw+x7YFnQ8ckwFGKrl4xX4yWtrey3UJm5nP1kUbnYgLopqWNSRhWw==

sitemap@^7.1.1:
  version "7.1.1"
  resolved "https://registry.yarnpkg.com/sitemap/-/sitemap-7.1.1.tgz#eeed9ad6d95499161a3eadc60f8c6dce4bea2bef"
  integrity sha512-mK3aFtjz4VdJN0igpIJrinf3EO8U8mxOPsTBzSsy06UtjZQJ3YY3o3Xa7zSc5nMqcMrRwlChHZ18Kxg0caiPBg==
  dependencies:
    "@types/node" "^17.0.5"
    "@types/sax" "^1.2.1"
    arg "^5.0.0"
    sax "^1.2.4"
